
Microsoft Visual Studio Solution File, Format Version 12.00
# Visual Studio Version 17
VisualStudioVersion = 17.9.34728.123
MinimumVisualStudioVersion = 10.0.40219.1
Project("{FAE04EC0-301F-11D3-BF4B-00C04F79EFBC}") = "GEST-TRIATHLON", "GEST-TRIATHLON.csproj", "{CFB40F32-0E68-4DBE-BDC6-D8988F13A8BD}"
EndProject
Project("{FAE04EC0-301F-11D3-BF4B-00C04F79EFBC}") = "BLL", "..\BLL\BLL.csproj", "{7E071482-05CD-4674-A9A4-ED62BA09F157}"
EndProject
Project("{FAE04EC0-301F-11D3-BF4B-00C04F79EFBC}") = "DAL", "..\DAL\DAL.csproj", "{E8FA2D8C-3D9F-47C8-9C97-4C753D666D27}"
EndProject
Global
	GlobalSection(SolutionConfigurationPlatforms) = preSolution
		Debug|Any CPU = Debug|Any CPU
		Release|Any CPU = Release|Any CPU
	EndGlobalSection
	GlobalSection(ProjectConfigurationPlatforms) = postSolution
		{CFB40F32-0E68-4DBE-BDC6-D8988F13A8BD}.Debug|Any CPU.ActiveCfg = Debug|Any CPU
		{CFB40F32-0E68-4DBE-BDC6-D8988F13A8BD}.Debug|Any CPU.Build.0 = Debug|Any CPU
		{CFB40F32-0E68-4DBE-BDC6-D8988F13A8BD}.Release|Any CPU.ActiveCfg = Release|Any CPU
		{CFB40F32-0E68-4DBE-BDC6-D8988F13A8BD}.Release|Any CPU.Build.0 = Release|Any CPU
		{7E071482-05CD-4674-A9A4-ED62BA09F157}.Debug|Any CPU.ActiveCfg = Debug|Any CPU
		{7E071482-05CD-4674-A9A4-ED62BA09F157}.Debug|Any CPU.Build.0 = Debug|Any CPU
		{7E071482-05CD-4674-A9A4-ED62BA09F157}.Release|Any CPU.ActiveCfg = Release|Any CPU
		{7E071482-05CD-4674-A9A4-ED62BA09F157}.Release|Any CPU.Build.0 = Release|Any CPU
		{E8FA2D8C-3D9F-47C8-9C97-4C753D666D27}.Debug|Any CPU.ActiveCfg = Debug|Any CPU
		{E8FA2D8C-3D9F-47C8-9C97-4C753D666D27}.Debug|Any CPU.Build.0 = Debug|Any CPU
		{E8FA2D8C-3D9F-47C8-9C97-4C753D666D27}.Release|Any CPU.ActiveCfg = Release|Any CPU
		{E8FA2D8C-3D9F-47C8-9C97-4C753D666D27}.Release|Any CPU.Build.0 = Release|Any CPU
	EndGlobalSection
	GlobalSection(SolutionProperties) = preSolution
		HideSolutionNode = FALSE
	EndGlobalSection
	GlobalSection(ExtensibilityGlobals) = postSolution
		SolutionGuid = {6D147BF0-7A4F-4B41-906D-F34158C382DD}
	EndGlobalSection
EndGlobal
